
Microsoft Visual Studio Solution File, Format Version 11.00
# Visual Studio 2010
Project("{FAE04EC0-301F-11D3-BF4B-00C04F79EFBC}") = "ViveButtonFruitScene", "Assembly-CSharp.csproj", "{63CCA1EC-B739-38B9-8A26-4699935A1F8F}"
EndProject
Project("{FAE04EC0-301F-11D3-BF4B-00C04F79EFBC}") = "ViveButtonFruitScene", "Assembly-CSharp-Editor.csproj", "{628A55D3-6E1E-0CA2-ABA7-0F9A2A635023}"
EndProject
Global
	GlobalSection(SolutionConfigurationPlatforms) = preSolution
		Debug|Any CPU = Debug|Any CPU
		Release|Any CPU = Release|Any CPU
	EndGlobalSection
	GlobalSection(ProjectConfigurationPlatforms) = postSolution
		{63CCA1EC-B739-38B9-8A26-4699935A1F8F}.Debug|Any CPU.ActiveCfg = Debug|Any CPU
		{63CCA1EC-B739-38B9-8A26-4699935A1F8F}.Debug|Any CPU.Build.0 = Debug|Any CPU
		{63CCA1EC-B739-38B9-8A26-4699935A1F8F}.Release|Any CPU.ActiveCfg = Release|Any CPU
		{63CCA1EC-B739-38B9-8A26-4699935A1F8F}.Release|Any CPU.Build.0 = Release|Any CPU
		{628A55D3-6E1E-0CA2-ABA7-0F9A2A635023}.Debug|Any CPU.ActiveCfg = Debug|Any CPU
		{628A55D3-6E1E-0CA2-ABA7-0F9A2A635023}.Debug|Any CPU.Build.0 = Debug|Any CPU
		{628A55D3-6E1E-0CA2-ABA7-0F9A2A635023}.Release|Any CPU.ActiveCfg = Release|Any CPU
		{628A55D3-6E1E-0CA2-ABA7-0F9A2A635023}.Release|Any CPU.Build.0 = Release|Any CPU
	EndGlobalSection
	GlobalSection(SolutionProperties) = preSolution
		HideSolutionNode = FALSE
	EndGlobalSection
	GlobalSection(MonoDevelopProperties) = preSolution
		StartupItem = Assembly-CSharp.csproj
	EndGlobalSection
EndGlobal
